
Microsoft Visual Studio Solution File, Format Version 12.00
# Visual Studio 15
VisualStudioVersion = 15.0.28307.271
MinimumVisualStudioVersion = 10.0.40219.1
Project("{FAE04EC0-301F-11D3-BF4B-00C04F79EFBC}") = "BusinessCore", "BusinessCore\BusinessCore.csproj", "{FDC5925A-5102-4520-B400-3C90274E0A17}"
EndProject
Project("{FAE04EC0-301F-11D3-BF4B-00C04F79EFBC}") = "ConsoleApp", "ConsoleApp\ConsoleApp.csproj", "{41932ACB-523E-4853-A739-E9356FE1C533}"
EndProject
Global
	GlobalSection(SolutionConfigurationPlatforms) = preSolution
		Debug|Any CPU = Debug|Any CPU
		Release|Any CPU = Release|Any CPU
	EndGlobalSection
	GlobalSection(ProjectConfigurationPlatforms) = postSolution
		{FDC5925A-5102-4520-B400-3C90274E0A17}.Debug|Any CPU.ActiveCfg = Debug|Any CPU
		{FDC5925A-5102-4520-B400-3C90274E0A17}.Debug|Any CPU.Build.0 = Debug|Any CPU
		{FDC5925A-5102-4520-B400-3C90274E0A17}.Release|Any CPU.ActiveCfg = Release|Any CPU
		{FDC5925A-5102-4520-B400-3C90274E0A17}.Release|Any CPU.Build.0 = Release|Any CPU
		{41932ACB-523E-4853-A739-E9356FE1C533}.Debug|Any CPU.ActiveCfg = Debug|Any CPU
		{41932ACB-523E-4853-A739-E9356FE1C533}.Debug|Any CPU.Build.0 = Debug|Any CPU
		{41932ACB-523E-4853-A739-E9356FE1C533}.Release|Any CPU.ActiveCfg = Release|Any CPU
		{41932ACB-523E-4853-A739-E9356FE1C533}.Release|Any CPU.Build.0 = Release|Any CPU
	EndGlobalSection
	GlobalSection(SolutionProperties) = preSolution
		HideSolutionNode = FALSE
	EndGlobalSection
	GlobalSection(ExtensibilityGlobals) = postSolution
		SolutionGuid = {B91827FC-A989-4586-9703-1329C4BB5586}
	EndGlobalSection
EndGlobal
